
Microsoft Visual Studio Solution File, Format Version 12.00
# Visual Studio 14
VisualStudioVersion = 14.0.24720.0
MinimumVisualStudioVersion = 10.0.40219.1
Project("{FAE04EC0-301F-11D3-BF4B-00C04F79EFBC}") = "OfficeAppWeb", "OfficeAppWeb\OfficeAppWeb.csproj", "{797A895A-E60D-4307-88F7-465858587680}"
EndProject
Project("{FAE04EC0-301F-11D3-BF4B-00C04F79EFBC}") = "OfficeApp", "OfficeApp\OfficeApp.csproj", "{E2199AF6-61E7-4890-A088-7EB92204788A}"
EndProject
Global
	GlobalSection(SolutionConfigurationPlatforms) = preSolution
		Debug|Any CPU = Debug|Any CPU
		Release|Any CPU = Release|Any CPU
	EndGlobalSection
	GlobalSection(ProjectConfigurationPlatforms) = postSolution
		{797A895A-E60D-4307-88F7-465858587680}.Debug|Any CPU.ActiveCfg = Debug|Any CPU
		{797A895A-E60D-4307-88F7-465858587680}.Debug|Any CPU.Build.0 = Debug|Any CPU
		{797A895A-E60D-4307-88F7-465858587680}.Release|Any CPU.ActiveCfg = Release|Any CPU
		{797A895A-E60D-4307-88F7-465858587680}.Release|Any CPU.Build.0 = Release|Any CPU
		{E2199AF6-61E7-4890-A088-7EB92204788A}.Debug|Any CPU.ActiveCfg = Debug|Any CPU
		{E2199AF6-61E7-4890-A088-7EB92204788A}.Debug|Any CPU.Build.0 = Debug|Any CPU
		{E2199AF6-61E7-4890-A088-7EB92204788A}.Debug|Any CPU.Deploy.0 = Debug|Any CPU
		{E2199AF6-61E7-4890-A088-7EB92204788A}.Release|Any CPU.ActiveCfg = Release|Any CPU
		{E2199AF6-61E7-4890-A088-7EB92204788A}.Release|Any CPU.Build.0 = Release|Any CPU
		{E2199AF6-61E7-4890-A088-7EB92204788A}.Release|Any CPU.Deploy.0 = Release|Any CPU
	EndGlobalSection
	GlobalSection(SolutionProperties) = preSolution
		HideSolutionNode = FALSE
	EndGlobalSection
EndGlobal
